
Microsoft Visual Studio Solution File, Format Version 12.00
# Visual Studio 15
VisualStudioVersion = 15.0.28307.1145
MinimumVisualStudioVersion = 10.0.40219.1
Project("{FAE04EC0-301F-11D3-BF4B-00C04F79EFBC}") = "PromotionEngine", "PromotionEngine\PromotionEngine.csproj", "{F7710134-E3EB-4D0E-B450-FFCCF8EE7155}"
EndProject
Project("{FAE04EC0-301F-11D3-BF4B-00C04F79EFBC}") = "PromotionEngineTests", "PromotionEngineTests\PromotionEngineTests.csproj", "{59901058-4F75-4C83-847D-20E169F8F545}"
EndProject
Global
	GlobalSection(SolutionConfigurationPlatforms) = preSolution
		Debug|Any CPU = Debug|Any CPU
		Release|Any CPU = Release|Any CPU
	EndGlobalSection
	GlobalSection(ProjectConfigurationPlatforms) = postSolution
		{F7710134-E3EB-4D0E-B450-FFCCF8EE7155}.Debug|Any CPU.ActiveCfg = Debug|Any CPU
		{F7710134-E3EB-4D0E-B450-FFCCF8EE7155}.Debug|Any CPU.Build.0 = Debug|Any CPU
		{F7710134-E3EB-4D0E-B450-FFCCF8EE7155}.Release|Any CPU.ActiveCfg = Release|Any CPU
		{F7710134-E3EB-4D0E-B450-FFCCF8EE7155}.Release|Any CPU.Build.0 = Release|Any CPU
		{59901058-4F75-4C83-847D-20E169F8F545}.Debug|Any CPU.ActiveCfg = Debug|Any CPU
		{59901058-4F75-4C83-847D-20E169F8F545}.Debug|Any CPU.Build.0 = Debug|Any CPU
		{59901058-4F75-4C83-847D-20E169F8F545}.Release|Any CPU.ActiveCfg = Release|Any CPU
		{59901058-4F75-4C83-847D-20E169F8F545}.Release|Any CPU.Build.0 = Release|Any CPU
	EndGlobalSection
	GlobalSection(SolutionProperties) = preSolution
		HideSolutionNode = FALSE
	EndGlobalSection
	GlobalSection(ExtensibilityGlobals) = postSolution
		SolutionGuid = {A104D8EE-741C-4E33-810B-F33691E9C00B}
	EndGlobalSection
EndGlobal
